---
name: "tf-merge-block"

on:  # yamllint disable-line rule:truthy
  workflow_call:

jobs:
  check-terraform-applied:
    runs-on: arvato
    steps:
      - name: Check for 'terraform-applied' label
        if: ${{ !contains(github.event.pull_request.labels.*.name, 'terraform-applied') }}
        run: |
          echo "Blocking merge. Terraform not applied."
          exit 1